
Microsoft Visual Studio Solution File, Format Version 12.00
# Visual Studio 15
VisualStudioVersion = 15.0.26430.14
MinimumVisualStudioVersion = 10.0.40219.1
Project("{FAE04EC0-301F-11D3-BF4B-00C04F79EFBC}") = "01.ReverseNumbersWithStack", "01.ReverseNumbersWithStack\01.ReverseNumbersWithStack.csproj", "{223079DE-9DEA-454C-A077-5168D33CCBFF}"
EndProject
Project("{FAE04EC0-301F-11D3-BF4B-00C04F79EFBC}") = "02.CalculateSequence", "02.CalculateSequence\02.CalculateSequence.csproj", "{D2352342-7955-43D4-8ADF-6AD5F41D4722}"
EndProject
Project("{FAE04EC0-301F-11D3-BF4B-00C04F79EFBC}") = "03.ArrayStack", "03.ArrayStack\03.ArrayStack.csproj", "{777E46E2-46DE-418B-8054-052461E83CA4}"
EndProject
Global
	GlobalSection(SolutionConfigurationPlatforms) = preSolution
		Debug|Any CPU = Debug|Any CPU
		Release|Any CPU = Release|Any CPU
	EndGlobalSection
	GlobalSection(ProjectConfigurationPlatforms) = postSolution
		{223079DE-9DEA-454C-A077-5168D33CCBFF}.Debug|Any CPU.ActiveCfg = Debug|Any CPU
		{223079DE-9DEA-454C-A077-5168D33CCBFF}.Debug|Any CPU.Build.0 = Debug|Any CPU
		{223079DE-9DEA-454C-A077-5168D33CCBFF}.Release|Any CPU.ActiveCfg = Release|Any CPU
		{223079DE-9DEA-454C-A077-5168D33CCBFF}.Release|Any CPU.Build.0 = Release|Any CPU
		{D2352342-7955-43D4-8ADF-6AD5F41D4722}.Debug|Any CPU.ActiveCfg = Debug|Any CPU
		{D2352342-7955-43D4-8ADF-6AD5F41D4722}.Debug|Any CPU.Build.0 = Debug|Any CPU
		{D2352342-7955-43D4-8ADF-6AD5F41D4722}.Release|Any CPU.ActiveCfg = Release|Any CPU
		{D2352342-7955-43D4-8ADF-6AD5F41D4722}.Release|Any CPU.Build.0 = Release|Any CPU
		{777E46E2-46DE-418B-8054-052461E83CA4}.Debug|Any CPU.ActiveCfg = Debug|Any CPU
		{777E46E2-46DE-418B-8054-052461E83CA4}.Debug|Any CPU.Build.0 = Debug|Any CPU
		{777E46E2-46DE-418B-8054-052461E83CA4}.Release|Any CPU.ActiveCfg = Release|Any CPU
		{777E46E2-46DE-418B-8054-052461E83CA4}.Release|Any CPU.Build.0 = Release|Any CPU
	EndGlobalSection
	GlobalSection(SolutionProperties) = preSolution
		HideSolutionNode = FALSE
	EndGlobalSection
EndGlobal
